
Microsoft Visual Studio Solution File, Format Version 12.00
# Visual Studio 15
VisualStudioVersion = 15.0.28307.572
MinimumVisualStudioVersion = 10.0.40219.1
Project("{F184B08F-C81C-45F6-A57F-5ABD9991F28F}") = "Comparar", "ConsoleApp1\Comparar.vbproj", "{139B3261-8493-4C3B-B2B2-9A3ED5924AE8}"
EndProject
Project("{F184B08F-C81C-45F6-A57F-5ABD9991F28F}") = "Menor", "ConsoleApp2\Menor.vbproj", "{E2D7F702-5672-4829-A63A-FA0205D1B068}"
EndProject
Global
	GlobalSection(SolutionConfigurationPlatforms) = preSolution
		Debug|Any CPU = Debug|Any CPU
		Release|Any CPU = Release|Any CPU
	EndGlobalSection
	GlobalSection(ProjectConfigurationPlatforms) = postSolution
		{139B3261-8493-4C3B-B2B2-9A3ED5924AE8}.Debug|Any CPU.ActiveCfg = Debug|Any CPU
		{139B3261-8493-4C3B-B2B2-9A3ED5924AE8}.Debug|Any CPU.Build.0 = Debug|Any CPU
		{139B3261-8493-4C3B-B2B2-9A3ED5924AE8}.Release|Any CPU.ActiveCfg = Release|Any CPU
		{139B3261-8493-4C3B-B2B2-9A3ED5924AE8}.Release|Any CPU.Build.0 = Release|Any CPU
		{E2D7F702-5672-4829-A63A-FA0205D1B068}.Debug|Any CPU.ActiveCfg = Debug|Any CPU
		{E2D7F702-5672-4829-A63A-FA0205D1B068}.Debug|Any CPU.Build.0 = Debug|Any CPU
		{E2D7F702-5672-4829-A63A-FA0205D1B068}.Release|Any CPU.ActiveCfg = Release|Any CPU
		{E2D7F702-5672-4829-A63A-FA0205D1B068}.Release|Any CPU.Build.0 = Release|Any CPU
	EndGlobalSection
	GlobalSection(SolutionProperties) = preSolution
		HideSolutionNode = FALSE
	EndGlobalSection
	GlobalSection(ExtensibilityGlobals) = postSolution
		SolutionGuid = {BEEAC99D-A9F1-4B34-A1B4-861A42A456DE}
	EndGlobalSection
EndGlobal
